
Microsoft Visual Studio Solution File, Format Version 12.00
# Visual Studio Version 17
VisualStudioVersion = 17.9.34607.119
MinimumVisualStudioVersion = 10.0.40219.1
Project("{FAE04EC0-301F-11D3-BF4B-00C04F79EFBC}") = "GenareteInterface", "GenareteInterface\GenareteInterface.csproj", "{D4D39F3B-8785-4910-92E4-92862F2FD89A}"
EndProject
Global
	GlobalSection(SolutionConfigurationPlatforms) = preSolution
		Debug|Any CPU = Debug|Any CPU
		Release|Any CPU = Release|Any CPU
	EndGlobalSection
	GlobalSection(ProjectConfigurationPlatforms) = postSolution
		{D4D39F3B-8785-4910-92E4-92862F2FD89A}.Debug|Any CPU.ActiveCfg = Debug|Any CPU
		{D4D39F3B-8785-4910-92E4-92862F2FD89A}.Debug|Any CPU.Build.0 = Debug|Any CPU
		{D4D39F3B-8785-4910-92E4-92862F2FD89A}.Release|Any CPU.ActiveCfg = Release|Any CPU
		{D4D39F3B-8785-4910-92E4-92862F2FD89A}.Release|Any CPU.Build.0 = Release|Any CPU
	EndGlobalSection
	GlobalSection(SolutionProperties) = preSolution
		HideSolutionNode = FALSE
	EndGlobalSection
	GlobalSection(ExtensibilityGlobals) = postSolution
		SolutionGuid = {536968D2-9A69-47EA-9A4A-07D2783C2A91}
	EndGlobalSection
EndGlobal
